
Microsoft Visual Studio Solution File, Format Version 12.00
# Visual Studio Version 16
VisualStudioVersion = 16.0.30709.132
MinimumVisualStudioVersion = 10.0.40219.1
Project("{2150E333-8FDC-42A3-9474-1A3956D46DE8}") = "Src", "Src", "{90930155-016E-4C90-8625-58EF6DB6E5D6}"
EndProject
Project("{2150E333-8FDC-42A3-9474-1A3956D46DE8}") = "Common", "Common", "{B8DE632F-60ED-4E91-9FBA-B5DE67BF31BC}"
EndProject
Project("{2150E333-8FDC-42A3-9474-1A3956D46DE8}") = "Core", "Core", "{6C11C44F-6498-45BD-B297-626D99196B21}"
EndProject
Project("{2150E333-8FDC-42A3-9474-1A3956D46DE8}") = "Presentation", "Presentation", "{7DFE4597-6AD1-47A3-AA76-7A5D7291BDF5}"
EndProject
Project("{2150E333-8FDC-42A3-9474-1A3956D46DE8}") = "Infrastructure", "Infrastructure", "{852BF211-2F70-4D8D-A69D-84AB69BAE904}"
EndProject
Project("{9A19103F-16F7-4668-BE54-9A1E7A4F7556}") = "AzmoonSaz.Common", "AzmoonSaz.Common\AzmoonSaz.Common.csproj", "{6019DCF9-0D75-4B00-9BA0-ADE19DFBB8A8}"
EndProject
Project("{9A19103F-16F7-4668-BE54-9A1E7A4F7556}") = "AzmoonSaz.Domain", "AzmoonSaz.Domain\AzmoonSaz.Domain.csproj", "{0A1008AA-BC09-46A7-B7D1-6E30BA9B7181}"
EndProject
Project("{9A19103F-16F7-4668-BE54-9A1E7A4F7556}") = "AzmoonSaz.Application", "AzmoonSaz.Application\AzmoonSaz.Application.csproj", "{58AEAEC2-CBE9-437F-95E4-A6E348065586}"
EndProject
Project("{9A19103F-16F7-4668-BE54-9A1E7A4F7556}") = "AzmoonSaz.Persistance", "AzmoonSaz.Persistance\AzmoonSaz.Persistance.csproj", "{DB72F2E5-A7D9-44CE-87D1-AA58619DEA1A}"
EndProject
Project("{9A19103F-16F7-4668-BE54-9A1E7A4F7556}") = "EndPoint.Site", "EndPoint.Site\EndPoint.Site.csproj", "{ECF71442-A348-47F2-933B-2A88583DBEF1}"
EndProject
Project("{FAE04EC0-301F-11D3-BF4B-00C04F79EFBC}") = "AzmoonSaz.ViewModels", "AzmoonSaz.ViewModels\AzmoonSaz.ViewModels.csproj", "{B7F5994B-C508-4FCB-A1F0-40C86490745E}"
EndProject
Global
	GlobalSection(SolutionConfigurationPlatforms) = preSolution
		Debug|Any CPU = Debug|Any CPU
		Release|Any CPU = Release|Any CPU
	EndGlobalSection
	GlobalSection(ProjectConfigurationPlatforms) = postSolution
		{6019DCF9-0D75-4B00-9BA0-ADE19DFBB8A8}.Debug|Any CPU.ActiveCfg = Debug|Any CPU
		{6019DCF9-0D75-4B00-9BA0-ADE19DFBB8A8}.Debug|Any CPU.Build.0 = Debug|Any CPU
		{6019DCF9-0D75-4B00-9BA0-ADE19DFBB8A8}.Release|Any CPU.ActiveCfg = Release|Any CPU
		{6019DCF9-0D75-4B00-9BA0-ADE19DFBB8A8}.Release|Any CPU.Build.0 = Release|Any CPU
		{0A1008AA-BC09-46A7-B7D1-6E30BA9B7181}.Debug|Any CPU.ActiveCfg = Debug|Any CPU
		{0A1008AA-BC09-46A7-B7D1-6E30BA9B7181}.Debug|Any CPU.Build.0 = Debug|Any CPU
		{0A1008AA-BC09-46A7-B7D1-6E30BA9B7181}.Release|Any CPU.ActiveCfg = Release|Any CPU
		{0A1008AA-BC09-46A7-B7D1-6E30BA9B7181}.Release|Any CPU.Build.0 = Release|Any CPU
		{58AEAEC2-CBE9-437F-95E4-A6E348065586}.Debug|Any CPU.ActiveCfg = Debug|Any CPU
		{58AEAEC2-CBE9-437F-95E4-A6E348065586}.Debug|Any CPU.Build.0 = Debug|Any CPU
		{58AEAEC2-CBE9-437F-95E4-A6E348065586}.Release|Any CPU.ActiveCfg = Release|Any CPU
		{58AEAEC2-CBE9-437F-95E4-A6E348065586}.Release|Any CPU.Build.0 = Release|Any CPU
		{DB72F2E5-A7D9-44CE-87D1-AA58619DEA1A}.Debug|Any CPU.ActiveCfg = Debug|Any CPU
		{DB72F2E5-A7D9-44CE-87D1-AA58619DEA1A}.Debug|Any CPU.Build.0 = Debug|Any CPU
		{DB72F2E5-A7D9-44CE-87D1-AA58619DEA1A}.Release|Any CPU.ActiveCfg = Release|Any CPU
		{DB72F2E5-A7D9-44CE-87D1-AA58619DEA1A}.Release|Any CPU.Build.0 = Release|Any CPU
		{ECF71442-A348-47F2-933B-2A88583DBEF1}.Debug|Any CPU.ActiveCfg = Debug|Any CPU
		{ECF71442-A348-47F2-933B-2A88583DBEF1}.Debug|Any CPU.Build.0 = Debug|Any CPU
		{ECF71442-A348-47F2-933B-2A88583DBEF1}.Release|Any CPU.ActiveCfg = Release|Any CPU
		{ECF71442-A348-47F2-933B-2A88583DBEF1}.Release|Any CPU.Build.0 = Release|Any CPU
		{B7F5994B-C508-4FCB-A1F0-40C86490745E}.Debug|Any CPU.ActiveCfg = Debug|Any CPU
		{B7F5994B-C508-4FCB-A1F0-40C86490745E}.Debug|Any CPU.Build.0 = Debug|Any CPU
		{B7F5994B-C508-4FCB-A1F0-40C86490745E}.Release|Any CPU.ActiveCfg = Release|Any CPU
		{B7F5994B-C508-4FCB-A1F0-40C86490745E}.Release|Any CPU.Build.0 = Release|Any CPU
	EndGlobalSection
	GlobalSection(SolutionProperties) = preSolution
		HideSolutionNode = FALSE
	EndGlobalSection
	GlobalSection(NestedProjects) = preSolution
		{B8DE632F-60ED-4E91-9FBA-B5DE67BF31BC} = {90930155-016E-4C90-8625-58EF6DB6E5D6}
		{6C11C44F-6498-45BD-B297-626D99196B21} = {90930155-016E-4C90-8625-58EF6DB6E5D6}
		{7DFE4597-6AD1-47A3-AA76-7A5D7291BDF5} = {90930155-016E-4C90-8625-58EF6DB6E5D6}
		{852BF211-2F70-4D8D-A69D-84AB69BAE904} = {90930155-016E-4C90-8625-58EF6DB6E5D6}
		{6019DCF9-0D75-4B00-9BA0-ADE19DFBB8A8} = {B8DE632F-60ED-4E91-9FBA-B5DE67BF31BC}
		{0A1008AA-BC09-46A7-B7D1-6E30BA9B7181} = {6C11C44F-6498-45BD-B297-626D99196B21}
		{58AEAEC2-CBE9-437F-95E4-A6E348065586} = {6C11C44F-6498-45BD-B297-626D99196B21}
		{DB72F2E5-A7D9-44CE-87D1-AA58619DEA1A} = {852BF211-2F70-4D8D-A69D-84AB69BAE904}
		{ECF71442-A348-47F2-933B-2A88583DBEF1} = {7DFE4597-6AD1-47A3-AA76-7A5D7291BDF5}
		{B7F5994B-C508-4FCB-A1F0-40C86490745E} = {7DFE4597-6AD1-47A3-AA76-7A5D7291BDF5}
	EndGlobalSection
	GlobalSection(ExtensibilityGlobals) = postSolution
		SolutionGuid = {C34E3013-4A60-441E-BD7B-7DFD5D978F3F}
	EndGlobalSection
EndGlobal
